PATH
  remote: .
  specs:
    flame_on_client (0.1.0)
      google-protobuf (~> 4.32)
      grpc (~> 1.75)
      rack (~> 3.0)

GEM
  remote: https://rubygems.org/
  specs:
    bigdecimal (4.0.1)
    google-protobuf (4.34.0)
      bigdecimal
      rake (~> 13.3)
    google-protobuf (4.34.0-aarch64-linux-gnu)
      bigdecimal
      rake (~> 13.3)
    google-protobuf (4.34.0-aarch64-linux-musl)
      bigdecimal
      rake (~> 13.3)
    google-protobuf (4.34.0-arm64-darwin)
      bigdecimal
      rake (~> 13.3)
    google-protobuf (4.34.0-x86-linux-gnu)
      bigdecimal
      rake (~> 13.3)
    google-protobuf (4.34.0-x86-linux-musl)
      bigdecimal
      rake (~> 13.3)
    google-protobuf (4.34.0-x86_64-darwin)
      bigdecimal
      rake (~> 13.3)
    google-protobuf (4.34.0-x86_64-linux-gnu)
      bigdecimal
      rake (~> 13.3)
    google-protobuf (4.34.0-x86_64-linux-musl)
      bigdecimal
      rake (~> 13.3)
    googleapis-common-protos-types (1.22.0)
      google-protobuf (~> 4.26)
    grpc (1.78.1)
      google-protobuf (>= 3.25, < 5.0)
      googleapis-common-protos-types (~> 1.0)
    grpc (1.78.1-aarch64-linux-gnu)
      google-protobuf (>= 3.25, < 5.0)
      googleapis-common-protos-types (~> 1.0)
    grpc (1.78.1-aarch64-linux-musl)
      google-protobuf (>= 3.25, < 5.0)
      googleapis-common-protos-types (~> 1.0)
    grpc (1.78.1-arm64-darwin)
      google-protobuf (>= 3.25, < 5.0)
      googleapis-common-protos-types (~> 1.0)
    grpc (1.78.1-x86-linux-gnu)
      google-protobuf (>= 3.25, < 5.0)
      googleapis-common-protos-types (~> 1.0)
    grpc (1.78.1-x86-linux-musl)
      google-protobuf (>= 3.25, < 5.0)
      googleapis-common-protos-types (~> 1.0)
    grpc (1.78.1-x86_64-darwin)
      google-protobuf (>= 3.25, < 5.0)
      googleapis-common-protos-types (~> 1.0)
    grpc (1.78.1-x86_64-linux-gnu)
      google-protobuf (>= 3.25, < 5.0)
      googleapis-common-protos-types (~> 1.0)
    grpc (1.78.1-x86_64-linux-musl)
      google-protobuf (>= 3.25, < 5.0)
      googleapis-common-protos-types (~> 1.0)
    grpc-tools (1.78.1)
    minitest (5.27.0)
    rack (3.2.5)
    rake (13.3.1)

PLATFORMS
  aarch64-linux-gnu
  aarch64-linux-musl
  arm64-darwin
  ruby
  x86-linux-gnu
  x86-linux-musl
  x86_64-darwin
  x86_64-linux-gnu
  x86_64-linux-musl

DEPENDENCIES
  flame_on_client!
  grpc-tools (~> 1.75)
  minitest (~> 5.25)

BUNDLED WITH
   2.6.9
